
Microsoft Visual Studio Solution File, Format Version 12.00
# Visual Studio Version 17
VisualStudioVersion = 17.14.36705.20 d17.14
MinimumVisualStudioVersion = 10.0.40219.1
Project("{FAE04EC0-301F-11D3-BF4B-00C04F79EFBC}") = "PoCWebApi", "PoCWebApi.csproj", "{7963DEA0-C0B4-3166-E5B7-0B408D6A93D7}"
EndProject
Global
	GlobalSection(SolutionConfigurationPlatforms) = preSolution
		Debug|Any CPU = Debug|Any CPU
		Release|Any CPU = Release|Any CPU
	EndGlobalSection
	GlobalSection(ProjectConfigurationPlatforms) = postSolution
		{7963DEA0-C0B4-3166-E5B7-0B408D6A93D7}.Debug|Any CPU.ActiveCfg = Debug|Any CPU
		{7963DEA0-C0B4-3166-E5B7-0B408D6A93D7}.Debug|Any CPU.Build.0 = Debug|Any CPU
		{7963DEA0-C0B4-3166-E5B7-0B408D6A93D7}.Release|Any CPU.ActiveCfg = Release|Any CPU
		{7963DEA0-C0B4-3166-E5B7-0B408D6A93D7}.Release|Any CPU.Build.0 = Release|Any CPU
	EndGlobalSection
	GlobalSection(SolutionProperties) = preSolution
		HideSolutionNode = FALSE
	EndGlobalSection
	GlobalSection(ExtensibilityGlobals) = postSolution
		SolutionGuid = {7F08174C-4B24-4F24-9AF3-AB14823FFC34}
	EndGlobalSection
EndGlobal
